<Solution>
  <Folder Name="/src/">
    <Project Path="src/LaunchAssistStudio.Web/LaunchAssistStudio.Web.csproj" />
  </Folder>
  <Folder Name="/Solution Items/">
    <File Path="README.md" />
    <File Path=".gitignore" />
    <File Path="MAILTRAP-EMAIL-HANDOFF.md" />
  </Folder>
  <Folder Name="/scripts/">
    <File Path="scripts/make-icons.ps1" />
    <File Path="scripts/make-og.ps1" />
  </Folder>
</Solution>
